# THIS IS AN AUTOGENERATED FILE. DO NOT EDIT THIS FILE DIRECTLY.
# yarn lockfile v1


"jquery@^3.6.4":
  "integrity" "sha512-v28EW9DWDFpzcD9O5iyJXg3R3+q+mET5JhnjJzQUZMHOv67bpSIHq81GEYpPNZHG+XXHsfSme3nxp/hndKEcsQ=="
  "resolved" "https://registry.npmjs.org/jquery/-/jquery-3.6.4.tgz"
  "version" "3.6.4"

"kado@^4.4.0":
  "integrity" "sha512-rBwLKLjwWb+NS3P4reuSivCjNvBunHuFAZ354j1lcpUc4uX9YR+TH+JQECj1ZgdgjmRl3Z52QZLSwC18ZVT5fg=="
  "resolved" "https://registry.npmjs.org/kado/-/kado-4.4.0.tgz"
  "version" "4.4.0"

"mustache@^4.2.0":
  "integrity" "sha512-71ippSywq5Yb7/tVYyGbkBggbU8H3u5Rz56fH60jGFgr8uHwxs+aSKeqmluIVzM0m0kB7xQjKS6qPfd0b2ZoqQ=="
  "resolved" "https://registry.npmjs.org/mustache/-/mustache-4.2.0.tgz"
  "version" "4.2.0"
